
Microsoft Visual Studio Solution File, Format Version 12.00
# Visual Studio Version 17
VisualStudioVersion = 17.14.36221.1 d17.14
MinimumVisualStudioVersion = 10.0.40219.1
Project("{FAE04EC0-301F-11D3-BF4B-00C04F79EFBC}") = "BabelRhino8", "BabelRhino8.csproj", "{9C431405-5A70-459E-A5A9-43E22F0D0278}"
EndProject
Global
	GlobalSection(SolutionConfigurationPlatforms) = preSolution
		Debug|Any CPU = Debug|Any CPU
		Release|Any CPU = Release|Any CPU
	EndGlobalSection
	GlobalSection(ProjectConfigurationPlatforms) = postSolution
		{9C431405-5A70-459E-A5A9-43E22F0D0278}.Debug|Any CPU.ActiveCfg = Debug|Any CPU
		{9C431405-5A70-459E-A5A9-43E22F0D0278}.Debug|Any CPU.Build.0 = Debug|Any CPU
		{9C431405-5A70-459E-A5A9-43E22F0D0278}.Release|Any CPU.ActiveCfg = Release|Any CPU
		{9C431405-5A70-459E-A5A9-43E22F0D0278}.Release|Any CPU.Build.0 = Release|Any CPU
	EndGlobalSection
	GlobalSection(SolutionProperties) = preSolution
		HideSolutionNode = FALSE
	EndGlobalSection
	GlobalSection(ExtensibilityGlobals) = postSolution
		SolutionGuid = {E5FA9B02-502F-4326-88DC-E1E9AF636EF9}
	EndGlobalSection
EndGlobal
